
Microsoft Visual Studio Solution File, Format Version 12.00
# Visual Studio Version 16
VisualStudioVersion = 16.0.29215.179
MinimumVisualStudioVersion = 10.0.40219.1
Project("{FAE04EC0-301F-11D3-BF4B-00C04F79EFBC}") = "WpfTemplate", "WpfTemplate.csproj", "{785B45B1-6D35-428F-BF1A-02E710A73C7B}"
EndProject
Global
	GlobalSection(SolutionConfigurationPlatforms) = preSolution
		Debug|Any CPU = Debug|Any CPU
		Release|Any CPU = Release|Any CPU
	EndGlobalSection
	GlobalSection(ProjectConfigurationPlatforms) = postSolution
		{785B45B1-6D35-428F-BF1A-02E710A73C7B}.Debug|Any CPU.ActiveCfg = Debug|Any CPU
		{785B45B1-6D35-428F-BF1A-02E710A73C7B}.Debug|Any CPU.Build.0 = Debug|Any CPU
		{785B45B1-6D35-428F-BF1A-02E710A73C7B}.Release|Any CPU.ActiveCfg = Release|Any CPU
		{785B45B1-6D35-428F-BF1A-02E710A73C7B}.Release|Any CPU.Build.0 = Release|Any CPU
	EndGlobalSection
	GlobalSection(SolutionProperties) = preSolution
		HideSolutionNode = FALSE
	EndGlobalSection
	GlobalSection(ExtensibilityGlobals) = postSolution
		SolutionGuid = {B789E461-B915-4F88-BEC3-1ED57C53FE70}
	EndGlobalSection
EndGlobal
